
Microsoft Visual Studio Solution File, Format Version 12.00
Project("{FAE04EC0-301F-11D3-BF4B-00C04F79EFBC}") = "EveryoneToTheHackathon", "EveryoneToTheHackathon.csproj", "{15D48213-417C-4E14-8CA0-F5FCBDCE366F}"
EndProject
Project("{2150E333-8FDC-42A3-9474-1A3956D46DE8}") = "Solution Items", "Solution Items", "{FEA370BB-D973-4244-AA05-9D6217F3AB34}"
	ProjectSection(SolutionItems) = preProject
		docker-compose.yml = docker-compose.yml
	EndProjectSection
EndProject
Global
	GlobalSection(SolutionConfigurationPlatforms) = preSolution
		Debug|Any CPU = Debug|Any CPU
		Release|Any CPU = Release|Any CPU
	EndGlobalSection
	GlobalSection(ProjectConfigurationPlatforms) = postSolution
		{15D48213-417C-4E14-8CA0-F5FCBDCE366F}.Debug|Any CPU.ActiveCfg = Debug|Any CPU
		{15D48213-417C-4E14-8CA0-F5FCBDCE366F}.Debug|Any CPU.Build.0 = Debug|Any CPU
		{15D48213-417C-4E14-8CA0-F5FCBDCE366F}.Release|Any CPU.ActiveCfg = Release|Any CPU
		{15D48213-417C-4E14-8CA0-F5FCBDCE366F}.Release|Any CPU.Build.0 = Release|Any CPU
	EndGlobalSection
EndGlobal
